{
    "_meta": {
        "hash": {
            "sha256": "eda4df6955d51c7d7ff6dc8914d755083b77405f56f0bb7a12732e113fe92d07"
        },
        "pipfile-spec": 6,
        "requires": {
            "python_version": "3.9"
        },
        "sources": [
            {
                "name": "pypi",
                "url": "https://pypi.org/simple",
                "verify_ssl": false
            }
        ]
    },
    "default": {
        "discord-py": {
            "git": "https://github.com/Rapptz/discord.py.git",
            "ref": "0bc15fa130b8f01fe2d67446a2184d474b0d0ba7"
        }
    },
    "develop": {}
}
